{
  "name": "SpatialLITE",
  "lockfileVersion": 3,
  "requires": true,
  "packages": {
    "": {
      "dependencies": {
        "h3-js": "^4.4.0"
      }
    },
    "node_modules/h3-js": {
      "version": "4.4.0",
      "resolved": "https://registry.npmjs.org/h3-js/-/h3-js-4.4.0.tgz",
      "integrity": "sha512-DvJh07MhGgY2KcC4OeZc8SSyA+ZXpdvoh6uCzGpoKvWtZxJB+g6VXXC1+eWYkaMIsLz7J/ErhOalHCpcs1KYog==",
      "license": "Apache-2.0",
      "engines": {
        "node": ">=4",
        "npm": ">=3",
        "yarn": ">=1.3.0"
      }
    }
  }
}
