
Microsoft Visual Studio Solution File, Format Version 12.00
# Visual Studio Version 16
VisualStudioVersion = 16.0.28711.60
MinimumVisualStudioVersion = 10.0.40219.1
Project("{2150E333-8FDC-42A3-9474-1A3956D46DE8}") = "src", "src", "{440BE549-AD57-4965-AD01-A81E358E228D}"
EndProject
Project("{2150E333-8FDC-42A3-9474-1A3956D46DE8}") = "Solution Items", "Solution Items", "{060F8E14-F926-440E-9E83-1AB690517FE2}"
EndProject
Project("{9A19103F-16F7-4668-BE54-9A1E7A4F7556}") = "SpatialLite.Core", "src\SpatialLite.Core\SpatialLite.Core.csproj", "{C6282A5F-E9A7-4B78-913E-D80A0B60A514}"
EndProject
Project("{9A19103F-16F7-4668-BE54-9A1E7A4F7556}") = "SpatialLite.Osm", "src\SpatialLite.Osm\SpatialLite.Osm.csproj", "{81094DF5-F2B1-49E1-B545-E6F0528DE92B}"
EndProject
Project("{9A19103F-16F7-4668-BE54-9A1E7A4F7556}") = "Tests.SpatialLite.Core", "src\Tests.SpatialLite.Core\Tests.SpatialLite.Core.csproj", "{F22D4FD4-C5DE-4E97-87AA-FA5B85507EE6}"
EndProject
Project("{9A19103F-16F7-4668-BE54-9A1E7A4F7556}") = "Tests.SpatialLite.Osm", "src\Tests.SpatialLite.Osm\Tests.SpatialLite.Osm.csproj", "{31B15109-C9AD-428B-BD1A-6F13EA2CD852}"
EndProject
Project("{9A19103F-16F7-4668-BE54-9A1E7A4F7556}") = "SpatialLite.Gps", "src\SpatialLite.Gps\SpatialLite.Gps.csproj", "{3B177BD2-A111-443D-B695-4FA9660F71D7}"
EndProject
Project("{9A19103F-16F7-4668-BE54-9A1E7A4F7556}") = "Tests.SpatialLite.Gps", "src\Tests.SpatialLite.Gps\Tests.SpatialLite.Gps.csproj", "{C4A5DBC7-DECA-4B13-8FA9-C5F98FD4E666}"
EndProject
Project("{9A19103F-16F7-4668-BE54-9A1E7A4F7556}") = "Benchmark.SpatialLite.Osm", "src\Benchmark.SpatialLite.Osm\Benchmark.SpatialLite.Osm.csproj", "{EBE5E8AF-6EDA-4967-AB80-DF979D3DD720}"
EndProject
Project("{FAE04EC0-301F-11D3-BF4B-00C04F79EFBC}") = "Workbench", "src\Workbench\Workbench.csproj", "{113BDFF7-F575-40F7-B428-597D75678297}"
EndProject
Global
	GlobalSection(SolutionConfigurationPlatforms) = preSolution
		Debug|Any CPU = Debug|Any CPU
		Release|Any CPU = Release|Any CPU
	EndGlobalSection
	GlobalSection(ProjectConfigurationPlatforms) = postSolution
		{C6282A5F-E9A7-4B78-913E-D80A0B60A514}.Debug|Any CPU.ActiveCfg = Debug|Any CPU
		{C6282A5F-E9A7-4B78-913E-D80A0B60A514}.Debug|Any CPU.Build.0 = Debug|Any CPU
		{C6282A5F-E9A7-4B78-913E-D80A0B60A514}.Release|Any CPU.ActiveCfg = Release|Any CPU
		{C6282A5F-E9A7-4B78-913E-D80A0B60A514}.Release|Any CPU.Build.0 = Release|Any CPU
		{81094DF5-F2B1-49E1-B545-E6F0528DE92B}.Debug|Any CPU.ActiveCfg = Debug|Any CPU
		{81094DF5-F2B1-49E1-B545-E6F0528DE92B}.Debug|Any CPU.Build.0 = Debug|Any CPU
		{81094DF5-F2B1-49E1-B545-E6F0528DE92B}.Release|Any CPU.ActiveCfg = Release|Any CPU
		{81094DF5-F2B1-49E1-B545-E6F0528DE92B}.Release|Any CPU.Build.0 = Release|Any CPU
		{F22D4FD4-C5DE-4E97-87AA-FA5B85507EE6}.Debug|Any CPU.ActiveCfg = Debug|Any CPU
		{F22D4FD4-C5DE-4E97-87AA-FA5B85507EE6}.Debug|Any CPU.Build.0 = Debug|Any CPU
		{F22D4FD4-C5DE-4E97-87AA-FA5B85507EE6}.Release|Any CPU.ActiveCfg = Release|Any CPU
		{F22D4FD4-C5DE-4E97-87AA-FA5B85507EE6}.Release|Any CPU.Build.0 = Release|Any CPU
		{31B15109-C9AD-428B-BD1A-6F13EA2CD852}.Debug|Any CPU.ActiveCfg = Debug|Any CPU
		{31B15109-C9AD-428B-BD1A-6F13EA2CD852}.Debug|Any CPU.Build.0 = Debug|Any CPU
		{31B15109-C9AD-428B-BD1A-6F13EA2CD852}.Release|Any CPU.ActiveCfg = Release|Any CPU
		{31B15109-C9AD-428B-BD1A-6F13EA2CD852}.Release|Any CPU.Build.0 = Release|Any CPU
		{3B177BD2-A111-443D-B695-4FA9660F71D7}.Debug|Any CPU.ActiveCfg = Debug|Any CPU
		{3B177BD2-A111-443D-B695-4FA9660F71D7}.Debug|Any CPU.Build.0 = Debug|Any CPU
		{3B177BD2-A111-443D-B695-4FA9660F71D7}.Release|Any CPU.ActiveCfg = Release|Any CPU
		{3B177BD2-A111-443D-B695-4FA9660F71D7}.Release|Any CPU.Build.0 = Release|Any CPU
		{C4A5DBC7-DECA-4B13-8FA9-C5F98FD4E666}.Debug|Any CPU.ActiveCfg = Debug|Any CPU
		{C4A5DBC7-DECA-4B13-8FA9-C5F98FD4E666}.Debug|Any CPU.Build.0 = Debug|Any CPU
		{C4A5DBC7-DECA-4B13-8FA9-C5F98FD4E666}.Release|Any CPU.ActiveCfg = Release|Any CPU
		{C4A5DBC7-DECA-4B13-8FA9-C5F98FD4E666}.Release|Any CPU.Build.0 = Release|Any CPU
		{EBE5E8AF-6EDA-4967-AB80-DF979D3DD720}.Debug|Any CPU.ActiveCfg = Debug|Any CPU
		{EBE5E8AF-6EDA-4967-AB80-DF979D3DD720}.Debug|Any CPU.Build.0 = Debug|Any CPU
		{EBE5E8AF-6EDA-4967-AB80-DF979D3DD720}.Release|Any CPU.ActiveCfg = Release|Any CPU
		{EBE5E8AF-6EDA-4967-AB80-DF979D3DD720}.Release|Any CPU.Build.0 = Release|Any CPU
		{113BDFF7-F575-40F7-B428-597D75678297}.Debug|Any CPU.ActiveCfg = Debug|Any CPU
		{113BDFF7-F575-40F7-B428-597D75678297}.Debug|Any CPU.Build.0 = Debug|Any CPU
		{113BDFF7-F575-40F7-B428-597D75678297}.Release|Any CPU.ActiveCfg = Release|Any CPU
		{113BDFF7-F575-40F7-B428-597D75678297}.Release|Any CPU.Build.0 = Release|Any CPU
	EndGlobalSection
	GlobalSection(SolutionProperties) = preSolution
		HideSolutionNode = FALSE
	EndGlobalSection
	GlobalSection(NestedProjects) = preSolution
		{C6282A5F-E9A7-4B78-913E-D80A0B60A514} = {440BE549-AD57-4965-AD01-A81E358E228D}
		{81094DF5-F2B1-49E1-B545-E6F0528DE92B} = {440BE549-AD57-4965-AD01-A81E358E228D}
		{F22D4FD4-C5DE-4E97-87AA-FA5B85507EE6} = {440BE549-AD57-4965-AD01-A81E358E228D}
		{31B15109-C9AD-428B-BD1A-6F13EA2CD852} = {440BE549-AD57-4965-AD01-A81E358E228D}
		{3B177BD2-A111-443D-B695-4FA9660F71D7} = {440BE549-AD57-4965-AD01-A81E358E228D}
		{C4A5DBC7-DECA-4B13-8FA9-C5F98FD4E666} = {440BE549-AD57-4965-AD01-A81E358E228D}
		{EBE5E8AF-6EDA-4967-AB80-DF979D3DD720} = {440BE549-AD57-4965-AD01-A81E358E228D}
		{113BDFF7-F575-40F7-B428-597D75678297} = {440BE549-AD57-4965-AD01-A81E358E228D}
	EndGlobalSection
	GlobalSection(ExtensibilityGlobals) = postSolution
		SolutionGuid = {9F37A239-DB41-4230-B11F-B03AB1DF5322}
	EndGlobalSection
EndGlobal
