
Microsoft Visual Studio Solution File, Format Version 11.00
# Visual Studio 2010
Project("{7CF6DF6D-3B04-46F8-A40B-537D21BCA0B4}") = "spatiallite", "spatiallite.shfbproj", "{FE18EB9C-A0FE-43FF-9205-8F75525391FD}"
EndProject
Global
	GlobalSection(SolutionConfigurationPlatforms) = preSolution
		Debug|Any CPU = Debug|Any CPU
		Release|Any CPU = Release|Any CPU
	EndGlobalSection
	GlobalSection(ProjectConfigurationPlatforms) = postSolution
		{FE18EB9C-A0FE-43FF-9205-8F75525391FD}.Debug|Any CPU.ActiveCfg = Debug|Any CPU
		{FE18EB9C-A0FE-43FF-9205-8F75525391FD}.Debug|Any CPU.Build.0 = Debug|Any CPU
		{FE18EB9C-A0FE-43FF-9205-8F75525391FD}.Release|Any CPU.ActiveCfg = Release|Any CPU
		{FE18EB9C-A0FE-43FF-9205-8F75525391FD}.Release|Any CPU.Build.0 = Release|Any CPU
	EndGlobalSection
	GlobalSection(SolutionProperties) = preSolution
		HideSolutionNode = FALSE
	EndGlobalSection
EndGlobal
